
Microsoft Visual Studio Solution File, Format Version 12.00
# Visual Studio Version 17
VisualStudioVersion = 17.12.35527.113 d17.12
MinimumVisualStudioVersion = 10.0.40219.1
Project("{FAE04EC0-301F-11D3-BF4B-00C04F79EFBC}") = "TavernHelios.Server", "TavernHelios.Server\TavernHelios.Server.csproj", "{F3E12C97-21B0-42D5-8A38-B5737FF82848}"
EndProject
Project("{54A90642-561A-4BB1-A94E-469ADEE60C69}") = "tavernhelios.client", "tavernhelios.client\tavernhelios.client.esproj", "{07AD6370-5849-4578-A27A-AD2FC8C6875C}"
EndProject
Global
	GlobalSection(SolutionConfigurationPlatforms) = preSolution
		Debug|Any CPU = Debug|Any CPU
		Release|Any CPU = Release|Any CPU
	EndGlobalSection
	GlobalSection(ProjectConfigurationPlatforms) = postSolution
		{F3E12C97-21B0-42D5-8A38-B5737FF82848}.Debug|Any CPU.ActiveCfg = Debug|Any CPU
		{F3E12C97-21B0-42D5-8A38-B5737FF82848}.Debug|Any CPU.Build.0 = Debug|Any CPU
		{F3E12C97-21B0-42D5-8A38-B5737FF82848}.Release|Any CPU.ActiveCfg = Release|Any CPU
		{F3E12C97-21B0-42D5-8A38-B5737FF82848}.Release|Any CPU.Build.0 = Release|Any CPU
		{07AD6370-5849-4578-A27A-AD2FC8C6875C}.Debug|Any CPU.ActiveCfg = Debug|Any CPU
		{07AD6370-5849-4578-A27A-AD2FC8C6875C}.Debug|Any CPU.Build.0 = Debug|Any CPU
		{07AD6370-5849-4578-A27A-AD2FC8C6875C}.Debug|Any CPU.Deploy.0 = Debug|Any CPU
		{07AD6370-5849-4578-A27A-AD2FC8C6875C}.Release|Any CPU.ActiveCfg = Release|Any CPU
		{07AD6370-5849-4578-A27A-AD2FC8C6875C}.Release|Any CPU.Build.0 = Release|Any CPU
		{07AD6370-5849-4578-A27A-AD2FC8C6875C}.Release|Any CPU.Deploy.0 = Release|Any CPU
	EndGlobalSection
	GlobalSection(SolutionProperties) = preSolution
		HideSolutionNode = FALSE
	EndGlobalSection
EndGlobal
